Microsoft Visual Studio Solution File, Format Version 12.00
# Visual Studio Version 17
VisualStudioVersion = 17.5.2.0
MinimumVisualStudioVersion = 10.0.40219.1
Project("{FAE04EC0-301F-11D3-BF4B-00C04F79EFBC}") = "MouseJiggler", "MouseJiggler.csproj", "{E4E67C3F-027C-AF58-F659-3486BB153018}"
EndProject
Global
	GlobalSection(SolutionConfigurationPlatforms) = preSolution
		Debug|Any CPU = Debug|Any CPU
		Release|Any CPU = Release|Any CPU
	EndGlobalSection
	GlobalSection(ProjectConfigurationPlatforms) = postSolution
		{E4E67C3F-027C-AF58-F659-3486BB153018}.Debug|Any CPU.ActiveCfg = Debug|Any CPU
		{E4E67C3F-027C-AF58-F659-3486BB153018}.Debug|Any CPU.Build.0 = Debug|Any CPU
		{E4E67C3F-027C-AF58-F659-3486BB153018}.Release|Any CPU.ActiveCfg = Release|Any CPU
		{E4E67C3F-027C-AF58-F659-3486BB153018}.Release|Any CPU.Build.0 = Release|Any CPU
	EndGlobalSection
	GlobalSection(SolutionProperties) = preSolution
		HideSolutionNode = FALSE
	EndGlobalSection
	GlobalSection(ExtensibilityGlobals) = postSolution
		SolutionGuid = {CD43A47D-E4B2-4AC0-93B8-337FD3860483}
	EndGlobalSection
EndGlobal
